{
  "originHash" : "029f36a74e0141aa117fd586c4f359ed25e6dfc582dd287af0a7e311de1a33fc",
  "pins" : [
    {
      "identity" : "fp",
      "kind" : "remoteSourceControl",
      "location" : "https://github.com/luizmb/FP.git",
      "state" : {
        "revision" : "c1b32932021b444d8b21ca873c80bfcd4c6b8ecb",
        "version" : "1.13.0"
      }
    },
    {
      "identity" : "hourglass",
      "kind" : "remoteSourceControl",
      "location" : "https://github.com/luizmb/Hourglass.git",
      "state" : {
        "revision" : "ec2ff5aac99e59d2ea208e4d391fe54da8961608",
        "version" : "0.6.2"
      }
    },
    {
      "identity" : "networktools",
      "kind" : "remoteSourceControl",
      "location" : "https://github.com/luizmb/NetworkTools.git",
      "state" : {
        "revision" : "e2085f0c637747e92ce194d5464602b931f3d06c",
        "version" : "0.6.0"
      }
    },
    {
      "identity" : "reactiveconcurrency",
      "kind" : "remoteSourceControl",
      "location" : "https://github.com/luizmb/ReactiveConcurrency.git",
      "state" : {
        "revision" : "4b712d4d311177182a109c7e3fb5f802fe80a648",
        "version" : "0.3.0"
      }
    },
    {
      "identity" : "swift-atomics",
      "kind" : "remoteSourceControl",
      "location" : "https://github.com/apple/swift-atomics.git",
      "state" : {
        "revision" : "b601256eab081c0f92f059e12818ac1d4f178ff7",
        "version" : "1.3.0"
      }
    },
    {
      "identity" : "swift-collections",
      "kind" : "remoteSourceControl",
      "location" : "https://github.com/apple/swift-collections.git",
      "state" : {
        "revision" : "fea17c02d767f46b23070fdfdacc28a03a39232a",
        "version" : "1.5.1"
      }
    },
    {
      "identity" : "swift-nio",
      "kind" : "remoteSourceControl",
      "location" : "https://github.com/apple/swift-nio.git",
      "state" : {
        "revision" : "57c0a08a331aaea9f5d7a932ad94ef43be942a95",
        "version" : "2.100.0"
      }
    },
    {
      "identity" : "swift-syntax",
      "kind" : "remoteSourceControl",
      "location" : "https://github.com/swiftlang/swift-syntax.git",
      "state" : {
        "revision" : "79e4b74a295b6eb74a8b585e3a39d29e70c1dbd1",
        "version" : "603.0.2"
      }
    },
    {
      "identity" : "swift-system",
      "kind" : "remoteSourceControl",
      "location" : "https://github.com/apple/swift-system.git",
      "state" : {
        "revision" : "7c6ad0fc39d0763e0b699210e4124afd5041c5df",
        "version" : "1.6.4"
      }
    },
    {
      "identity" : "swiftcalx",
      "kind" : "remoteSourceControl",
      "location" : "https://github.com/luizmb/SwiftCalx.git",
      "state" : {
        "revision" : "015ed67b24747dbf6700e3858994ca251bccd672",
        "version" : "0.4.0"
      }
    },
    {
      "identity" : "xmlcoder",
      "kind" : "remoteSourceControl",
      "location" : "https://github.com/CoreOffice/XMLCoder.git",
      "state" : {
        "revision" : "42f62383dbcd074440cb1f6a750b9c02df9e7325",
        "version" : "0.18.2"
      }
    }
  ],
  "version" : 3
}
